github.com/aws/aws-lambda-go v1.47.0 h1:0H8s0vumYx/YKs4sE7YM0ktwL2eWse+kfopsRI1sXVI=
github.com/aws/aws-lambda-go v1.47.0/go.mod h1:dpMpZgvWx5vuQJfBt0zqBha60q7Dd7RfgJv23DymV8A=
github.com/aws/aws-sdk-go-v2 v1.27.1 h1:xypCL2owhog46iFxBKKpBcw+bPTX/RJzwNj8uSilENw=
github.com/aws/aws-sdk-go-v2 v1.27.1/go.mod h1:ffIFB97e2yNsv4aTSGkqtHnppsIJzw7G7BReUZ3jCXM=
github.com/aws/aws-sdk-go-v2/feature/dynamodb/attributevalue v1.14.0 h1:RXHz/z13XYIOCUxjU8erQm25Hhe9LqtXS3dKXsHWRHs=
github.com/aws/aws-sdk-go-v2/feature/dynamodb/attributevalue v1.14.0/go.mod h1:TH3KH06Ijq3zujEw5Gb2xzBMQ+WjpCcJYkGUclCu2NQ=
github.com/aws/aws-sdk-go-v2/service/dynamodb v1.32.7 h1:Y0pFOzMrx/c6mVswi99Y9UmBfbBhmFsAzuaJDXTHd0U=
github.com/aws/aws-sdk-go-v2/service/dynamodb v1.32.7/go.mod h1:CYR+43Fe0qazBzSTrIwSK7uYdYVf958kwGF+EQgQqhw=
github.com/aws/aws-sdk-go-v2/service/dynamodbstreams v1.20.9 h1:KYj1jyicyjXmWgMFPMBsgZPYoQ3ZO2HZ0u/rnhJ3fZU=
github.com/aws/aws-sdk-go-v2/service/dynamodbstreams v1.20.9/go.mod h1:PWKopbFpAtnHJ0paxgo+m3+dGKJ2BqeE1qeo5O4T8w0=
github.com/aws/smithy-go v1.20.2 h1:tbp628ireGtzcHDDmLT/6ADHidqnwgF57XOXZe6tp4Q=
github.com/aws/smithy-go v1.20.2/go.mod h1:krry+ya/rV9RDcV/Q16kpu6ypI4K2czasz0NC3qS14E=
github.com/davecgh/go-spew v1.1.1 h1:vj9j/u1bqnvCEfJOwUhtlOARqs3+rkHYY13jYWTU97c=
github.com/davecgh/go-spew v1.1.1/go.mod h1:J7Y8YcW2NihsgmVo/mv3lAwl/skON4iLHjSsI+c5H38=
github.com/jmespath/go-jmespath v0.4.0 h1:BEgLn5cpjn8UN1mAw4NjwDrS35OdebyEtFe+9YPoQUg=
github.com/jmespath/go-jmespath v0.4.0/go.mod h1:T8mJZnbsbmF+m6zOOFylbeCJqk5+pHWvzYPziyZiYoo=
github.com/pmezard/go-difflib v1.0.0 h1:4DBwDE0NGyQoBHbLQYPwSUPoCMWR5BEzIk/f1lZbAQM=
github.com/pmezard/go-difflib v1.0.0/go.mod h1:iKH77koFhYxTK1pcRnkKkqfTogsbg7gZNVY4sRDYZ/4=
github.com/stretchr/testify v1.7.2 h1:4jaiDzPyXQvSd7D0EjG45355tLlV3VOECpq10pLC+8s=
github.com/stretchr/testify v1.7.2/go.mod h1:R6va5+xMeoiuVRoj+gSkQ7d3FALtqAAGI1FQKckRals=
gopkg.in/yaml.v3 v3.0.1 h1:fxVm/GzAzEWqLHuvctI91KS9hhNmmWOoWu0XTYJS7CA=
gopkg.in/yaml.v3 v3.0.1/go.mod h1:K4uyk7z7BCEPqu6E+C64Yfv1cQ7kz7rIZviUmN+EgEM=
